
Microsoft Visual Studio Solution File, Format Version 12.00
# Visual Studio Version 17
VisualStudioVersion = 17.3.32804.467
MinimumVisualStudioVersion = 10.0.40219.1
Project("{FAE04EC0-301F-11D3-BF4B-00C04F79EFBC}") = "30112022", "30112022\30112022.csproj", "{ED22EB62-A00C-4F8B-8F7A-625374CB752B}"
EndProject
Global
	GlobalSection(SolutionConfigurationPlatforms) = preSolution
		Debug|Any CPU = Debug|Any CPU
		Release|Any CPU = Release|Any CPU
	EndGlobalSection
	GlobalSection(ProjectConfigurationPlatforms) = postSolution
		{ED22EB62-A00C-4F8B-8F7A-625374CB752B}.Debug|Any CPU.ActiveCfg = Debug|Any CPU
		{ED22EB62-A00C-4F8B-8F7A-625374CB752B}.Debug|Any CPU.Build.0 = Debug|Any CPU
		{ED22EB62-A00C-4F8B-8F7A-625374CB752B}.Release|Any CPU.ActiveCfg = Release|Any CPU
		{ED22EB62-A00C-4F8B-8F7A-625374CB752B}.Release|Any CPU.Build.0 = Release|Any CPU
	EndGlobalSection
	GlobalSection(SolutionProperties) = preSolution
		HideSolutionNode = FALSE
	EndGlobalSection
	GlobalSection(ExtensibilityGlobals) = postSolution
		SolutionGuid = {F6C0B2BB-BBAA-4B19-8EC6-22C1F4736B18}
	EndGlobalSection
EndGlobal
